
Microsoft Visual Studio Solution File, Format Version 12.00
# Visual Studio 15
VisualStudioVersion = 15.0.27703.2000
MinimumVisualStudioVersion = 10.0.40219.1
Project("{FAE04EC0-301F-11D3-BF4B-00C04F79EFBC}") = "TDDTravel", "TDDTravel\TDDTravel.csproj", "{4F1B346E-169E-42E7-9CB9-CCDE1A73EC05}"
EndProject
Project("{FAE04EC0-301F-11D3-BF4B-00C04F79EFBC}") = "TDDTravel.Tests", "TDDTravel.Tests\TDDTravel.Tests.csproj", "{4D177A1A-6DDC-4B0C-A1EA-BA35C84863F9}"
EndProject
Global
	GlobalSection(SolutionConfigurationPlatforms) = preSolution
		Debug|Any CPU = Debug|Any CPU
		Release|Any CPU = Release|Any CPU
	EndGlobalSection
	GlobalSection(ProjectConfigurationPlatforms) = postSolution
		{4F1B346E-169E-42E7-9CB9-CCDE1A73EC05}.Debug|Any CPU.ActiveCfg = Debug|Any CPU
		{4F1B346E-169E-42E7-9CB9-CCDE1A73EC05}.Debug|Any CPU.Build.0 = Debug|Any CPU
		{4F1B346E-169E-42E7-9CB9-CCDE1A73EC05}.Release|Any CPU.ActiveCfg = Release|Any CPU
		{4F1B346E-169E-42E7-9CB9-CCDE1A73EC05}.Release|Any CPU.Build.0 = Release|Any CPU
		{4D177A1A-6DDC-4B0C-A1EA-BA35C84863F9}.Debug|Any CPU.ActiveCfg = Debug|Any CPU
		{4D177A1A-6DDC-4B0C-A1EA-BA35C84863F9}.Debug|Any CPU.Build.0 = Debug|Any CPU
		{4D177A1A-6DDC-4B0C-A1EA-BA35C84863F9}.Release|Any CPU.ActiveCfg = Release|Any CPU
		{4D177A1A-6DDC-4B0C-A1EA-BA35C84863F9}.Release|Any CPU.Build.0 = Release|Any CPU
	EndGlobalSection
	GlobalSection(SolutionProperties) = preSolution
		HideSolutionNode = FALSE
	EndGlobalSection
	GlobalSection(ExtensibilityGlobals) = postSolution
		SolutionGuid = {1828EF3D-07F8-432B-A60E-74CB9D042D27}
	EndGlobalSection
EndGlobal
